
Microsoft Visual Studio Solution File, Format Version 12.00
# Visual Studio 15
VisualStudioVersion = 15.0.26730.16
MinimumVisualStudioVersion = 10.0.40219.1
Project("{2150E333-8FDC-42A3-9474-1A3956D46DE8}") = "Chapter01", "Chapter01", "{E05436FB-37B2-4C3C-8467-CDC227C0BB2C}"
EndProject
Project("{8BC9CEB8-8B4A-11D0-8D11-00A0C91BC942}") = "001HelloWorld", "001HelloWorld\001HelloWorld.vcxproj", "{9A9E6ACD-B8CE-4282-99A4-E9750BB35A29}"
EndProject
Project("{8BC9CEB8-8B4A-11D0-8D11-00A0C91BC942}") = "002SimpleAdder", "002SimpleAdder\002SimpleAdder.vcxproj", "{9F5C7749-6AFA-406D-A13C-49EF59D136A3}"
EndProject
Project("{8BC9CEB8-8B4A-11D0-8D11-00A0C91BC942}") = "003BerweenAdder", "003BerweenAdder\003BerweenAdder.vcxproj", "{966C7FD4-E7F4-403E-8B0D-3ECC8CACF2E3}"
EndProject
Project("{8BC9CEB8-8B4A-11D0-8D11-00A0C91BC942}") = "004StringIO", "004StringIO\004StringIO.vcxproj", "{7E1E39EC-9276-4E21-8939-A0044990B8D2}"
EndProject
Project("{2150E333-8FDC-42A3-9474-1A3956D46DE8}") = "Question", "Question", "{213B7DE7-679F-404D-BEA0-EF330C4CD5FE}"
EndProject
Project("{8BC9CEB8-8B4A-11D0-8D11-00A0C91BC942}") = "Q01-1-1", "Q01-1-1\Q01-1-1.vcxproj", "{FB4876FE-A598-44DF-96BD-8566280CD6CA}"
EndProject
Project("{8BC9CEB8-8B4A-11D0-8D11-00A0C91BC942}") = "Q01-1-2", "Q01-1-2\Q01-1-2.vcxproj", "{840C08C2-EBD0-4FF5-82D7-A67FAC198189}"
EndProject
Project("{8BC9CEB8-8B4A-11D0-8D11-00A0C91BC942}") = "Q01-1-3", "Q01-1-3\Q01-1-3.vcxproj", "{3DCD0AFA-CBD1-4BFB-8F57-F7495519EC9A}"
EndProject
Global
	GlobalSection(SolutionConfigurationPlatforms) = preSolution
		Debug|x64 = Debug|x64
		Debug|x86 = Debug|x86
		Release|x64 = Release|x64
		Release|x86 = Release|x86
	EndGlobalSection
	GlobalSection(ProjectConfigurationPlatforms) = postSolution
		{9A9E6ACD-B8CE-4282-99A4-E9750BB35A29}.Debug|x64.ActiveCfg = Debug|x64
		{9A9E6ACD-B8CE-4282-99A4-E9750BB35A29}.Debug|x64.Build.0 = Debug|x64
		{9A9E6ACD-B8CE-4282-99A4-E9750BB35A29}.Debug|x86.ActiveCfg = Debug|Win32
		{9A9E6ACD-B8CE-4282-99A4-E9750BB35A29}.Debug|x86.Build.0 = Debug|Win32
		{9A9E6ACD-B8CE-4282-99A4-E9750BB35A29}.Release|x64.ActiveCfg = Release|x64
		{9A9E6ACD-B8CE-4282-99A4-E9750BB35A29}.Release|x64.Build.0 = Release|x64
		{9A9E6ACD-B8CE-4282-99A4-E9750BB35A29}.Release|x86.ActiveCfg = Release|Win32
		{9A9E6ACD-B8CE-4282-99A4-E9750BB35A29}.Release|x86.Build.0 = Release|Win32
		{9F5C7749-6AFA-406D-A13C-49EF59D136A3}.Debug|x64.ActiveCfg = Debug|x64
		{9F5C7749-6AFA-406D-A13C-49EF59D136A3}.Debug|x64.Build.0 = Debug|x64
		{9F5C7749-6AFA-406D-A13C-49EF59D136A3}.Debug|x86.ActiveCfg = Debug|Win32
		{9F5C7749-6AFA-406D-A13C-49EF59D136A3}.Debug|x86.Build.0 = Debug|Win32
		{9F5C7749-6AFA-406D-A13C-49EF59D136A3}.Release|x64.ActiveCfg = Release|x64
		{9F5C7749-6AFA-406D-A13C-49EF59D136A3}.Release|x64.Build.0 = Release|x64
		{9F5C7749-6AFA-406D-A13C-49EF59D136A3}.Release|x86.ActiveCfg = Release|Win32
		{9F5C7749-6AFA-406D-A13C-49EF59D136A3}.Release|x86.Build.0 = Release|Win32
		{966C7FD4-E7F4-403E-8B0D-3ECC8CACF2E3}.Debug|x64.ActiveCfg = Debug|x64
		{966C7FD4-E7F4-403E-8B0D-3ECC8CACF2E3}.Debug|x64.Build.0 = Debug|x64
		{966C7FD4-E7F4-403E-8B0D-3ECC8CACF2E3}.Debug|x86.ActiveCfg = Debug|Win32
		{966C7FD4-E7F4-403E-8B0D-3ECC8CACF2E3}.Debug|x86.Build.0 = Debug|Win32
		{966C7FD4-E7F4-403E-8B0D-3ECC8CACF2E3}.Release|x64.ActiveCfg = Release|x64
		{966C7FD4-E7F4-403E-8B0D-3ECC8CACF2E3}.Release|x64.Build.0 = Release|x64
		{966C7FD4-E7F4-403E-8B0D-3ECC8CACF2E3}.Release|x86.ActiveCfg = Release|Win32
		{966C7FD4-E7F4-403E-8B0D-3ECC8CACF2E3}.Release|x86.Build.0 = Release|Win32
		{7E1E39EC-9276-4E21-8939-A0044990B8D2}.Debug|x64.ActiveCfg = Debug|x64
		{7E1E39EC-9276-4E21-8939-A0044990B8D2}.Debug|x64.Build.0 = Debug|x64
		{7E1E39EC-9276-4E21-8939-A0044990B8D2}.Debug|x86.ActiveCfg = Debug|Win32
		{7E1E39EC-9276-4E21-8939-A0044990B8D2}.Debug|x86.Build.0 = Debug|Win32
		{7E1E39EC-9276-4E21-8939-A0044990B8D2}.Release|x64.ActiveCfg = Release|x64
		{7E1E39EC-9276-4E21-8939-A0044990B8D2}.Release|x64.Build.0 = Release|x64
		{7E1E39EC-9276-4E21-8939-A0044990B8D2}.Release|x86.ActiveCfg = Release|Win32
		{7E1E39EC-9276-4E21-8939-A0044990B8D2}.Release|x86.Build.0 = Release|Win32
		{FB4876FE-A598-44DF-96BD-8566280CD6CA}.Debug|x64.ActiveCfg = Debug|x64
		{FB4876FE-A598-44DF-96BD-8566280CD6CA}.Debug|x64.Build.0 = Debug|x64
		{FB4876FE-A598-44DF-96BD-8566280CD6CA}.Debug|x86.ActiveCfg = Debug|Win32
		{FB4876FE-A598-44DF-96BD-8566280CD6CA}.Debug|x86.Build.0 = Debug|Win32
		{FB4876FE-A598-44DF-96BD-8566280CD6CA}.Release|x64.ActiveCfg = Release|x64
		{FB4876FE-A598-44DF-96BD-8566280CD6CA}.Release|x64.Build.0 = Release|x64
		{FB4876FE-A598-44DF-96BD-8566280CD6CA}.Release|x86.ActiveCfg = Release|Win32
		{FB4876FE-A598-44DF-96BD-8566280CD6CA}.Release|x86.Build.0 = Release|Win32
		{840C08C2-EBD0-4FF5-82D7-A67FAC198189}.Debug|x64.ActiveCfg = Debug|x64
		{840C08C2-EBD0-4FF5-82D7-A67FAC198189}.Debug|x64.Build.0 = Debug|x64
		{840C08C2-EBD0-4FF5-82D7-A67FAC198189}.Debug|x86.ActiveCfg = Debug|Win32
		{840C08C2-EBD0-4FF5-82D7-A67FAC198189}.Debug|x86.Build.0 = Debug|Win32
		{840C08C2-EBD0-4FF5-82D7-A67FAC198189}.Release|x64.ActiveCfg = Release|x64
		{840C08C2-EBD0-4FF5-82D7-A67FAC198189}.Release|x64.Build.0 = Release|x64
		{840C08C2-EBD0-4FF5-82D7-A67FAC198189}.Release|x86.ActiveCfg = Release|Win32
		{840C08C2-EBD0-4FF5-82D7-A67FAC198189}.Release|x86.Build.0 = Release|Win32
		{3DCD0AFA-CBD1-4BFB-8F57-F7495519EC9A}.Debug|x64.ActiveCfg = Debug|x64
		{3DCD0AFA-CBD1-4BFB-8F57-F7495519EC9A}.Debug|x64.Build.0 = Debug|x64
		{3DCD0AFA-CBD1-4BFB-8F57-F7495519EC9A}.Debug|x86.ActiveCfg = Debug|Win32
		{3DCD0AFA-CBD1-4BFB-8F57-F7495519EC9A}.Debug|x86.Build.0 = Debug|Win32
		{3DCD0AFA-CBD1-4BFB-8F57-F7495519EC9A}.Release|x64.ActiveCfg = Release|x64
		{3DCD0AFA-CBD1-4BFB-8F57-F7495519EC9A}.Release|x64.Build.0 = Release|x64
		{3DCD0AFA-CBD1-4BFB-8F57-F7495519EC9A}.Release|x86.ActiveCfg = Release|Win32
		{3DCD0AFA-CBD1-4BFB-8F57-F7495519EC9A}.Release|x86.Build.0 = Release|Win32
	EndGlobalSection
	GlobalSection(SolutionProperties) = preSolution
		HideSolutionNode = FALSE
	EndGlobalSection
	GlobalSection(NestedProjects) = preSolution
		{9A9E6ACD-B8CE-4282-99A4-E9750BB35A29} = {E05436FB-37B2-4C3C-8467-CDC227C0BB2C}
		{9F5C7749-6AFA-406D-A13C-49EF59D136A3} = {E05436FB-37B2-4C3C-8467-CDC227C0BB2C}
		{966C7FD4-E7F4-403E-8B0D-3ECC8CACF2E3} = {E05436FB-37B2-4C3C-8467-CDC227C0BB2C}
		{7E1E39EC-9276-4E21-8939-A0044990B8D2} = {E05436FB-37B2-4C3C-8467-CDC227C0BB2C}
		{FB4876FE-A598-44DF-96BD-8566280CD6CA} = {213B7DE7-679F-404D-BEA0-EF330C4CD5FE}
		{840C08C2-EBD0-4FF5-82D7-A67FAC198189} = {213B7DE7-679F-404D-BEA0-EF330C4CD5FE}
		{3DCD0AFA-CBD1-4BFB-8F57-F7495519EC9A} = {213B7DE7-679F-404D-BEA0-EF330C4CD5FE}
	EndGlobalSection
	GlobalSection(ExtensibilityGlobals) = postSolution
		SolutionGuid = {B75D18A5-C4DA-48C7-BEBB-B1659970EDCA}
	EndGlobalSection
EndGlobal
