
Microsoft Visual Studio Solution File, Format Version 12.00
# Visual Studio 15
VisualStudioVersion = 15.0.27004.2002
MinimumVisualStudioVersion = 10.0.40219.1
Project("{2150E333-8FDC-42A3-9474-1A3956D46DE8}") = "Chapter01", "Chapter01", "{E05436FB-37B2-4C3C-8467-CDC227C0BB2C}"
EndProject
Project("{8BC9CEB8-8B4A-11D0-8D11-00A0C91BC942}") = "001HelloWorld", "001HelloWorld\001HelloWorld.vcxproj", "{9A9E6ACD-B8CE-4282-99A4-E9750BB35A29}"
EndProject
Project("{8BC9CEB8-8B4A-11D0-8D11-00A0C91BC942}") = "002SimpleAdder", "002SimpleAdder\002SimpleAdder.vcxproj", "{9F5C7749-6AFA-406D-A13C-49EF59D136A3}"
EndProject
Project("{8BC9CEB8-8B4A-11D0-8D11-00A0C91BC942}") = "003BerweenAdder", "003BerweenAdder\003BerweenAdder.vcxproj", "{966C7FD4-E7F4-403E-8B0D-3ECC8CACF2E3}"
EndProject
Project("{8BC9CEB8-8B4A-11D0-8D11-00A0C91BC942}") = "004StringIO", "004StringIO\004StringIO.vcxproj", "{7E1E39EC-9276-4E21-8939-A0044990B8D2}"
EndProject
Project("{2150E333-8FDC-42A3-9474-1A3956D46DE8}") = "Question_01", "Question_01", "{213B7DE7-679F-404D-BEA0-EF330C4CD5FE}"
EndProject
Project("{8BC9CEB8-8B4A-11D0-8D11-00A0C91BC942}") = "Q01-1-1", "Q01-1-1\Q01-1-1.vcxproj", "{FB4876FE-A598-44DF-96BD-8566280CD6CA}"
EndProject
Project("{8BC9CEB8-8B4A-11D0-8D11-00A0C91BC942}") = "Q01-1-2", "Q01-1-2\Q01-1-2.vcxproj", "{840C08C2-EBD0-4FF5-82D7-A67FAC198189}"
EndProject
Project("{8BC9CEB8-8B4A-11D0-8D11-00A0C91BC942}") = "Q01-1-3", "Q01-1-3\Q01-1-3.vcxproj", "{3DCD0AFA-CBD1-4BFB-8F57-F7495519EC9A}"
EndProject
Project("{8BC9CEB8-8B4A-11D0-8D11-00A0C91BC942}") = "Q01-1-4", "Q01-1-4\Q01-1-4.vcxproj", "{FA65CFCB-F54A-4A70-8F3A-7C974CC7DBE7}"
EndProject
Project("{8BC9CEB8-8B4A-11D0-8D11-00A0C91BC942}") = "005FunctionOverloading", "005FunctionOverloading\005FunctionOverloading.vcxproj", "{3DE51E59-928C-47F8-A3E9-C218358A2153}"
EndProject
Project("{8BC9CEB8-8B4A-11D0-8D11-00A0C91BC942}") = "Q01-2", "Q01-2\Q01-2.vcxproj", "{042E8D94-0E06-4515-997A-40E9A8B304FE}"
EndProject
Project("{8BC9CEB8-8B4A-11D0-8D11-00A0C91BC942}") = "006DefaultValue1", "006DefaultValue1\006DefaultValue1.vcxproj", "{C8328CFE-393E-4CAA-AC30-5A26B5BDE82A}"
EndProject
Project("{8BC9CEB8-8B4A-11D0-8D11-00A0C91BC942}") = "007DefaultValue2", "007DefaultValue2\007DefaultValue2.vcxproj", "{8CFECF91-33E5-42DC-BA5C-59EEAEA4B793}"
EndProject
Project("{8BC9CEB8-8B4A-11D0-8D11-00A0C91BC942}") = "008DefaultValue3", "008DefaultValue3\008DefaultValue3.vcxproj", "{034B8AC1-B57F-4B11-B229-3A01E1D46A90}"
EndProject
Project("{8BC9CEB8-8B4A-11D0-8D11-00A0C91BC942}") = "Q01-3-1", "Q01-3-1\Q01-3-1.vcxproj", "{652CFC45-E6E9-4F92-8E7E-6649C2D7F650}"
EndProject
Project("{8BC9CEB8-8B4A-11D0-8D11-00A0C91BC942}") = "Q01-3-2", "Q01-3-2\Q01-3-2.vcxproj", "{B331C6D1-1A54-4C15-A3CF-E7F8F16110A3}"
EndProject
Project("{8BC9CEB8-8B4A-11D0-8D11-00A0C91BC942}") = "009InlineFunc", "009InlineFunc\009InlineFunc.vcxproj", "{36CCEFC6-2F69-4AF3-8DA9-D200791D2256}"
EndProject
Project("{8BC9CEB8-8B4A-11D0-8D11-00A0C91BC942}") = "010NameSp1", "010NameSp1\010NameSp1.vcxproj", "{36372575-37A1-48BD-8E0E-551FB3DB4816}"
EndProject
Project("{8BC9CEB8-8B4A-11D0-8D11-00A0C91BC942}") = "011NameSp2", "011NameSp2\011NameSp2.vcxproj", "{B362ABF4-BA23-4246-8CED-2F6B572E504E}"
EndProject
Project("{8BC9CEB8-8B4A-11D0-8D11-00A0C91BC942}") = "012NameSp3", "012NameSp3\012NameSp3.vcxproj", "{184AA79D-3E7F-4947-8290-432A33B26E29}"
EndProject
Project("{8BC9CEB8-8B4A-11D0-8D11-00A0C91BC942}") = "Q01-4", "Q01-4\Q01-4.vcxproj", "{14207943-C730-4764-90F9-78E2413E2C54}"
EndProject
Project("{8BC9CEB8-8B4A-11D0-8D11-00A0C91BC942}") = "013UsingDcl1", "013UsingDcl1\013UsingDcl1.vcxproj", "{7DCDB9A3-FEB2-4950-8F8D-9851C8BFC106}"
EndProject
Project("{8BC9CEB8-8B4A-11D0-8D11-00A0C91BC942}") = "014UsingDcl2", "014UsingDcl2\014UsingDcl2.vcxproj", "{EBD387C2-C440-41BE-B506-D3129B6E2F90}"
EndProject
Project("{8BC9CEB8-8B4A-11D0-8D11-00A0C91BC942}") = "015UsingDcl3;", "015UsingDcl3;\015UsingDcl3;.vcxproj", "{3D4AC45E-5081-4A07-9AAA-87E25BA509D7}"
EndProject
Project("{8BC9CEB8-8B4A-11D0-8D11-00A0C91BC942}") = "016NameAlias", "016NameAlias\016NameAlias.vcxproj", "{778B8773-AFF1-46A0-8B7F-707BAF3A0ECF}"
EndProject
Project("{8BC9CEB8-8B4A-11D0-8D11-00A0C91BC942}") = "은행계좌관리프로그램", "은행계좌관리프로그램\은행계좌관리프로그램.vcxproj", "{BE300274-F0D4-4893-BCDA-0C554D5778E3}"
EndProject
Global
	GlobalSection(SolutionConfigurationPlatforms) = preSolution
		Debug|x64 = Debug|x64
		Debug|x86 = Debug|x86
		Release|x64 = Release|x64
		Release|x86 = Release|x86
	EndGlobalSection
	GlobalSection(ProjectConfigurationPlatforms) = postSolution
		{9A9E6ACD-B8CE-4282-99A4-E9750BB35A29}.Debug|x64.ActiveCfg = Debug|x64
		{9A9E6ACD-B8CE-4282-99A4-E9750BB35A29}.Debug|x64.Build.0 = Debug|x64
		{9A9E6ACD-B8CE-4282-99A4-E9750BB35A29}.Debug|x86.ActiveCfg = Debug|Win32
		{9A9E6ACD-B8CE-4282-99A4-E9750BB35A29}.Debug|x86.Build.0 = Debug|Win32
		{9A9E6ACD-B8CE-4282-99A4-E9750BB35A29}.Release|x64.ActiveCfg = Release|x64
		{9A9E6ACD-B8CE-4282-99A4-E9750BB35A29}.Release|x64.Build.0 = Release|x64
		{9A9E6ACD-B8CE-4282-99A4-E9750BB35A29}.Release|x86.ActiveCfg = Release|Win32
		{9A9E6ACD-B8CE-4282-99A4-E9750BB35A29}.Release|x86.Build.0 = Release|Win32
		{9F5C7749-6AFA-406D-A13C-49EF59D136A3}.Debug|x64.ActiveCfg = Debug|x64
		{9F5C7749-6AFA-406D-A13C-49EF59D136A3}.Debug|x64.Build.0 = Debug|x64
		{9F5C7749-6AFA-406D-A13C-49EF59D136A3}.Debug|x86.ActiveCfg = Debug|Win32
		{9F5C7749-6AFA-406D-A13C-49EF59D136A3}.Debug|x86.Build.0 = Debug|Win32
		{9F5C7749-6AFA-406D-A13C-49EF59D136A3}.Release|x64.ActiveCfg = Release|x64
		{9F5C7749-6AFA-406D-A13C-49EF59D136A3}.Release|x64.Build.0 = Release|x64
		{9F5C7749-6AFA-406D-A13C-49EF59D136A3}.Release|x86.ActiveCfg = Release|Win32
		{9F5C7749-6AFA-406D-A13C-49EF59D136A3}.Release|x86.Build.0 = Release|Win32
		{966C7FD4-E7F4-403E-8B0D-3ECC8CACF2E3}.Debug|x64.ActiveCfg = Debug|x64
		{966C7FD4-E7F4-403E-8B0D-3ECC8CACF2E3}.Debug|x64.Build.0 = Debug|x64
		{966C7FD4-E7F4-403E-8B0D-3ECC8CACF2E3}.Debug|x86.ActiveCfg = Debug|Win32
		{966C7FD4-E7F4-403E-8B0D-3ECC8CACF2E3}.Debug|x86.Build.0 = Debug|Win32
		{966C7FD4-E7F4-403E-8B0D-3ECC8CACF2E3}.Release|x64.ActiveCfg = Release|x64
		{966C7FD4-E7F4-403E-8B0D-3ECC8CACF2E3}.Release|x64.Build.0 = Release|x64
		{966C7FD4-E7F4-403E-8B0D-3ECC8CACF2E3}.Release|x86.ActiveCfg = Release|Win32
		{966C7FD4-E7F4-403E-8B0D-3ECC8CACF2E3}.Release|x86.Build.0 = Release|Win32
		{7E1E39EC-9276-4E21-8939-A0044990B8D2}.Debug|x64.ActiveCfg = Debug|x64
		{7E1E39EC-9276-4E21-8939-A0044990B8D2}.Debug|x64.Build.0 = Debug|x64
		{7E1E39EC-9276-4E21-8939-A0044990B8D2}.Debug|x86.ActiveCfg = Debug|Win32
		{7E1E39EC-9276-4E21-8939-A0044990B8D2}.Debug|x86.Build.0 = Debug|Win32
		{7E1E39EC-9276-4E21-8939-A0044990B8D2}.Release|x64.ActiveCfg = Release|x64
		{7E1E39EC-9276-4E21-8939-A0044990B8D2}.Release|x64.Build.0 = Release|x64
		{7E1E39EC-9276-4E21-8939-A0044990B8D2}.Release|x86.ActiveCfg = Release|Win32
		{7E1E39EC-9276-4E21-8939-A0044990B8D2}.Release|x86.Build.0 = Release|Win32
		{FB4876FE-A598-44DF-96BD-8566280CD6CA}.Debug|x64.ActiveCfg = Debug|x64
		{FB4876FE-A598-44DF-96BD-8566280CD6CA}.Debug|x64.Build.0 = Debug|x64
		{FB4876FE-A598-44DF-96BD-8566280CD6CA}.Debug|x86.ActiveCfg = Debug|Win32
		{FB4876FE-A598-44DF-96BD-8566280CD6CA}.Debug|x86.Build.0 = Debug|Win32
		{FB4876FE-A598-44DF-96BD-8566280CD6CA}.Release|x64.ActiveCfg = Release|x64
		{FB4876FE-A598-44DF-96BD-8566280CD6CA}.Release|x64.Build.0 = Release|x64
		{FB4876FE-A598-44DF-96BD-8566280CD6CA}.Release|x86.ActiveCfg = Release|Win32
		{FB4876FE-A598-44DF-96BD-8566280CD6CA}.Release|x86.Build.0 = Release|Win32
		{840C08C2-EBD0-4FF5-82D7-A67FAC198189}.Debug|x64.ActiveCfg = Debug|x64
		{840C08C2-EBD0-4FF5-82D7-A67FAC198189}.Debug|x64.Build.0 = Debug|x64
		{840C08C2-EBD0-4FF5-82D7-A67FAC198189}.Debug|x86.ActiveCfg = Debug|Win32
		{840C08C2-EBD0-4FF5-82D7-A67FAC198189}.Debug|x86.Build.0 = Debug|Win32
		{840C08C2-EBD0-4FF5-82D7-A67FAC198189}.Release|x64.ActiveCfg = Release|x64
		{840C08C2-EBD0-4FF5-82D7-A67FAC198189}.Release|x64.Build.0 = Release|x64
		{840C08C2-EBD0-4FF5-82D7-A67FAC198189}.Release|x86.ActiveCfg = Release|Win32
		{840C08C2-EBD0-4FF5-82D7-A67FAC198189}.Release|x86.Build.0 = Release|Win32
		{3DCD0AFA-CBD1-4BFB-8F57-F7495519EC9A}.Debug|x64.ActiveCfg = Debug|x64
		{3DCD0AFA-CBD1-4BFB-8F57-F7495519EC9A}.Debug|x64.Build.0 = Debug|x64
		{3DCD0AFA-CBD1-4BFB-8F57-F7495519EC9A}.Debug|x86.ActiveCfg = Debug|Win32
		{3DCD0AFA-CBD1-4BFB-8F57-F7495519EC9A}.Debug|x86.Build.0 = Debug|Win32
		{3DCD0AFA-CBD1-4BFB-8F57-F7495519EC9A}.Release|x64.ActiveCfg = Release|x64
		{3DCD0AFA-CBD1-4BFB-8F57-F7495519EC9A}.Release|x64.Build.0 = Release|x64
		{3DCD0AFA-CBD1-4BFB-8F57-F7495519EC9A}.Release|x86.ActiveCfg = Release|Win32
		{3DCD0AFA-CBD1-4BFB-8F57-F7495519EC9A}.Release|x86.Build.0 = Release|Win32
		{FA65CFCB-F54A-4A70-8F3A-7C974CC7DBE7}.Debug|x64.ActiveCfg = Debug|x64
		{FA65CFCB-F54A-4A70-8F3A-7C974CC7DBE7}.Debug|x64.Build.0 = Debug|x64
		{FA65CFCB-F54A-4A70-8F3A-7C974CC7DBE7}.Debug|x86.ActiveCfg = Debug|Win32
		{FA65CFCB-F54A-4A70-8F3A-7C974CC7DBE7}.Debug|x86.Build.0 = Debug|Win32
		{FA65CFCB-F54A-4A70-8F3A-7C974CC7DBE7}.Release|x64.ActiveCfg = Release|x64
		{FA65CFCB-F54A-4A70-8F3A-7C974CC7DBE7}.Release|x64.Build.0 = Release|x64
		{FA65CFCB-F54A-4A70-8F3A-7C974CC7DBE7}.Release|x86.ActiveCfg = Release|Win32
		{FA65CFCB-F54A-4A70-8F3A-7C974CC7DBE7}.Release|x86.Build.0 = Release|Win32
		{3DE51E59-928C-47F8-A3E9-C218358A2153}.Debug|x64.ActiveCfg = Debug|x64
		{3DE51E59-928C-47F8-A3E9-C218358A2153}.Debug|x64.Build.0 = Debug|x64
		{3DE51E59-928C-47F8-A3E9-C218358A2153}.Debug|x86.ActiveCfg = Debug|Win32
		{3DE51E59-928C-47F8-A3E9-C218358A2153}.Debug|x86.Build.0 = Debug|Win32
		{3DE51E59-928C-47F8-A3E9-C218358A2153}.Release|x64.ActiveCfg = Release|x64
		{3DE51E59-928C-47F8-A3E9-C218358A2153}.Release|x64.Build.0 = Release|x64
		{3DE51E59-928C-47F8-A3E9-C218358A2153}.Release|x86.ActiveCfg = Release|Win32
		{3DE51E59-928C-47F8-A3E9-C218358A2153}.Release|x86.Build.0 = Release|Win32
		{042E8D94-0E06-4515-997A-40E9A8B304FE}.Debug|x64.ActiveCfg = Debug|x64
		{042E8D94-0E06-4515-997A-40E9A8B304FE}.Debug|x64.Build.0 = Debug|x64
		{042E8D94-0E06-4515-997A-40E9A8B304FE}.Debug|x86.ActiveCfg = Debug|Win32
		{042E8D94-0E06-4515-997A-40E9A8B304FE}.Debug|x86.Build.0 = Debug|Win32
		{042E8D94-0E06-4515-997A-40E9A8B304FE}.Release|x64.ActiveCfg = Release|x64
		{042E8D94-0E06-4515-997A-40E9A8B304FE}.Release|x64.Build.0 = Release|x64
		{042E8D94-0E06-4515-997A-40E9A8B304FE}.Release|x86.ActiveCfg = Release|Win32
		{042E8D94-0E06-4515-997A-40E9A8B304FE}.Release|x86.Build.0 = Release|Win32
		{C8328CFE-393E-4CAA-AC30-5A26B5BDE82A}.Debug|x64.ActiveCfg = Debug|x64
		{C8328CFE-393E-4CAA-AC30-5A26B5BDE82A}.Debug|x64.Build.0 = Debug|x64
		{C8328CFE-393E-4CAA-AC30-5A26B5BDE82A}.Debug|x86.ActiveCfg = Debug|Win32
		{C8328CFE-393E-4CAA-AC30-5A26B5BDE82A}.Debug|x86.Build.0 = Debug|Win32
		{C8328CFE-393E-4CAA-AC30-5A26B5BDE82A}.Release|x64.ActiveCfg = Release|x64
		{C8328CFE-393E-4CAA-AC30-5A26B5BDE82A}.Release|x64.Build.0 = Release|x64
		{C8328CFE-393E-4CAA-AC30-5A26B5BDE82A}.Release|x86.ActiveCfg = Release|Win32
		{C8328CFE-393E-4CAA-AC30-5A26B5BDE82A}.Release|x86.Build.0 = Release|Win32
		{8CFECF91-33E5-42DC-BA5C-59EEAEA4B793}.Debug|x64.ActiveCfg = Debug|x64
		{8CFECF91-33E5-42DC-BA5C-59EEAEA4B793}.Debug|x64.Build.0 = Debug|x64
		{8CFECF91-33E5-42DC-BA5C-59EEAEA4B793}.Debug|x86.ActiveCfg = Debug|Win32
		{8CFECF91-33E5-42DC-BA5C-59EEAEA4B793}.Debug|x86.Build.0 = Debug|Win32
		{8CFECF91-33E5-42DC-BA5C-59EEAEA4B793}.Release|x64.ActiveCfg = Release|x64
		{8CFECF91-33E5-42DC-BA5C-59EEAEA4B793}.Release|x64.Build.0 = Release|x64
		{8CFECF91-33E5-42DC-BA5C-59EEAEA4B793}.Release|x86.ActiveCfg = Release|Win32
		{8CFECF91-33E5-42DC-BA5C-59EEAEA4B793}.Release|x86.Build.0 = Release|Win32
		{034B8AC1-B57F-4B11-B229-3A01E1D46A90}.Debug|x64.ActiveCfg = Debug|x64
		{034B8AC1-B57F-4B11-B229-3A01E1D46A90}.Debug|x64.Build.0 = Debug|x64
		{034B8AC1-B57F-4B11-B229-3A01E1D46A90}.Debug|x86.ActiveCfg = Debug|Win32
		{034B8AC1-B57F-4B11-B229-3A01E1D46A90}.Debug|x86.Build.0 = Debug|Win32
		{034B8AC1-B57F-4B11-B229-3A01E1D46A90}.Release|x64.ActiveCfg = Release|x64
		{034B8AC1-B57F-4B11-B229-3A01E1D46A90}.Release|x64.Build.0 = Release|x64
		{034B8AC1-B57F-4B11-B229-3A01E1D46A90}.Release|x86.ActiveCfg = Release|Win32
		{034B8AC1-B57F-4B11-B229-3A01E1D46A90}.Release|x86.Build.0 = Release|Win32
		{652CFC45-E6E9-4F92-8E7E-6649C2D7F650}.Debug|x64.ActiveCfg = Debug|x64
		{652CFC45-E6E9-4F92-8E7E-6649C2D7F650}.Debug|x64.Build.0 = Debug|x64
		{652CFC45-E6E9-4F92-8E7E-6649C2D7F650}.Debug|x86.ActiveCfg = Debug|Win32
		{652CFC45-E6E9-4F92-8E7E-6649C2D7F650}.Debug|x86.Build.0 = Debug|Win32
		{652CFC45-E6E9-4F92-8E7E-6649C2D7F650}.Release|x64.ActiveCfg = Release|x64
		{652CFC45-E6E9-4F92-8E7E-6649C2D7F650}.Release|x64.Build.0 = Release|x64
		{652CFC45-E6E9-4F92-8E7E-6649C2D7F650}.Release|x86.ActiveCfg = Release|Win32
		{652CFC45-E6E9-4F92-8E7E-6649C2D7F650}.Release|x86.Build.0 = Release|Win32
		{B331C6D1-1A54-4C15-A3CF-E7F8F16110A3}.Debug|x64.ActiveCfg = Debug|x64
		{B331C6D1-1A54-4C15-A3CF-E7F8F16110A3}.Debug|x64.Build.0 = Debug|x64
		{B331C6D1-1A54-4C15-A3CF-E7F8F16110A3}.Debug|x86.ActiveCfg = Debug|Win32
		{B331C6D1-1A54-4C15-A3CF-E7F8F16110A3}.Debug|x86.Build.0 = Debug|Win32
		{B331C6D1-1A54-4C15-A3CF-E7F8F16110A3}.Release|x64.ActiveCfg = Release|x64
		{B331C6D1-1A54-4C15-A3CF-E7F8F16110A3}.Release|x64.Build.0 = Release|x64
		{B331C6D1-1A54-4C15-A3CF-E7F8F16110A3}.Release|x86.ActiveCfg = Release|Win32
		{B331C6D1-1A54-4C15-A3CF-E7F8F16110A3}.Release|x86.Build.0 = Release|Win32
		{36CCEFC6-2F69-4AF3-8DA9-D200791D2256}.Debug|x64.ActiveCfg = Debug|x64
		{36CCEFC6-2F69-4AF3-8DA9-D200791D2256}.Debug|x64.Build.0 = Debug|x64
		{36CCEFC6-2F69-4AF3-8DA9-D200791D2256}.Debug|x86.ActiveCfg = Debug|Win32
		{36CCEFC6-2F69-4AF3-8DA9-D200791D2256}.Debug|x86.Build.0 = Debug|Win32
		{36CCEFC6-2F69-4AF3-8DA9-D200791D2256}.Release|x64.ActiveCfg = Release|x64
		{36CCEFC6-2F69-4AF3-8DA9-D200791D2256}.Release|x64.Build.0 = Release|x64
		{36CCEFC6-2F69-4AF3-8DA9-D200791D2256}.Release|x86.ActiveCfg = Release|Win32
		{36CCEFC6-2F69-4AF3-8DA9-D200791D2256}.Release|x86.Build.0 = Release|Win32
		{36372575-37A1-48BD-8E0E-551FB3DB4816}.Debug|x64.ActiveCfg = Debug|x64
		{36372575-37A1-48BD-8E0E-551FB3DB4816}.Debug|x64.Build.0 = Debug|x64
		{36372575-37A1-48BD-8E0E-551FB3DB4816}.Debug|x86.ActiveCfg = Debug|Win32
		{36372575-37A1-48BD-8E0E-551FB3DB4816}.Debug|x86.Build.0 = Debug|Win32
		{36372575-37A1-48BD-8E0E-551FB3DB4816}.Release|x64.ActiveCfg = Release|x64
		{36372575-37A1-48BD-8E0E-551FB3DB4816}.Release|x64.Build.0 = Release|x64
		{36372575-37A1-48BD-8E0E-551FB3DB4816}.Release|x86.ActiveCfg = Release|Win32
		{36372575-37A1-48BD-8E0E-551FB3DB4816}.Release|x86.Build.0 = Release|Win32
		{B362ABF4-BA23-4246-8CED-2F6B572E504E}.Debug|x64.ActiveCfg = Debug|x64
		{B362ABF4-BA23-4246-8CED-2F6B572E504E}.Debug|x64.Build.0 = Debug|x64
		{B362ABF4-BA23-4246-8CED-2F6B572E504E}.Debug|x86.ActiveCfg = Debug|Win32
		{B362ABF4-BA23-4246-8CED-2F6B572E504E}.Debug|x86.Build.0 = Debug|Win32
		{B362ABF4-BA23-4246-8CED-2F6B572E504E}.Release|x64.ActiveCfg = Release|x64
		{B362ABF4-BA23-4246-8CED-2F6B572E504E}.Release|x64.Build.0 = Release|x64
		{B362ABF4-BA23-4246-8CED-2F6B572E504E}.Release|x86.ActiveCfg = Release|Win32
		{B362ABF4-BA23-4246-8CED-2F6B572E504E}.Release|x86.Build.0 = Release|Win32
		{184AA79D-3E7F-4947-8290-432A33B26E29}.Debug|x64.ActiveCfg = Debug|x64
		{184AA79D-3E7F-4947-8290-432A33B26E29}.Debug|x64.Build.0 = Debug|x64
		{184AA79D-3E7F-4947-8290-432A33B26E29}.Debug|x86.ActiveCfg = Debug|Win32
		{184AA79D-3E7F-4947-8290-432A33B26E29}.Debug|x86.Build.0 = Debug|Win32
		{184AA79D-3E7F-4947-8290-432A33B26E29}.Release|x64.ActiveCfg = Release|x64
		{184AA79D-3E7F-4947-8290-432A33B26E29}.Release|x64.Build.0 = Release|x64
		{184AA79D-3E7F-4947-8290-432A33B26E29}.Release|x86.ActiveCfg = Release|Win32
		{184AA79D-3E7F-4947-8290-432A33B26E29}.Release|x86.Build.0 = Release|Win32
		{14207943-C730-4764-90F9-78E2413E2C54}.Debug|x64.ActiveCfg = Debug|x64
		{14207943-C730-4764-90F9-78E2413E2C54}.Debug|x64.Build.0 = Debug|x64
		{14207943-C730-4764-90F9-78E2413E2C54}.Debug|x86.ActiveCfg = Debug|Win32
		{14207943-C730-4764-90F9-78E2413E2C54}.Debug|x86.Build.0 = Debug|Win32
		{14207943-C730-4764-90F9-78E2413E2C54}.Release|x64.ActiveCfg = Release|x64
		{14207943-C730-4764-90F9-78E2413E2C54}.Release|x64.Build.0 = Release|x64
		{14207943-C730-4764-90F9-78E2413E2C54}.Release|x86.ActiveCfg = Release|Win32
		{14207943-C730-4764-90F9-78E2413E2C54}.Release|x86.Build.0 = Release|Win32
		{7DCDB9A3-FEB2-4950-8F8D-9851C8BFC106}.Debug|x64.ActiveCfg = Debug|x64
		{7DCDB9A3-FEB2-4950-8F8D-9851C8BFC106}.Debug|x64.Build.0 = Debug|x64
		{7DCDB9A3-FEB2-4950-8F8D-9851C8BFC106}.Debug|x86.ActiveCfg = Debug|Win32
		{7DCDB9A3-FEB2-4950-8F8D-9851C8BFC106}.Debug|x86.Build.0 = Debug|Win32
		{7DCDB9A3-FEB2-4950-8F8D-9851C8BFC106}.Release|x64.ActiveCfg = Release|x64
		{7DCDB9A3-FEB2-4950-8F8D-9851C8BFC106}.Release|x64.Build.0 = Release|x64
		{7DCDB9A3-FEB2-4950-8F8D-9851C8BFC106}.Release|x86.ActiveCfg = Release|Win32
		{7DCDB9A3-FEB2-4950-8F8D-9851C8BFC106}.Release|x86.Build.0 = Release|Win32
		{EBD387C2-C440-41BE-B506-D3129B6E2F90}.Debug|x64.ActiveCfg = Debug|x64
		{EBD387C2-C440-41BE-B506-D3129B6E2F90}.Debug|x64.Build.0 = Debug|x64
		{EBD387C2-C440-41BE-B506-D3129B6E2F90}.Debug|x86.ActiveCfg = Debug|Win32
		{EBD387C2-C440-41BE-B506-D3129B6E2F90}.Debug|x86.Build.0 = Debug|Win32
		{EBD387C2-C440-41BE-B506-D3129B6E2F90}.Release|x64.ActiveCfg = Release|x64
		{EBD387C2-C440-41BE-B506-D3129B6E2F90}.Release|x64.Build.0 = Release|x64
		{EBD387C2-C440-41BE-B506-D3129B6E2F90}.Release|x86.ActiveCfg = Release|Win32
		{EBD387C2-C440-41BE-B506-D3129B6E2F90}.Release|x86.Build.0 = Release|Win32
		{3D4AC45E-5081-4A07-9AAA-87E25BA509D7}.Debug|x64.ActiveCfg = Debug|x64
		{3D4AC45E-5081-4A07-9AAA-87E25BA509D7}.Debug|x64.Build.0 = Debug|x64
		{3D4AC45E-5081-4A07-9AAA-87E25BA509D7}.Debug|x86.ActiveCfg = Debug|Win32
		{3D4AC45E-5081-4A07-9AAA-87E25BA509D7}.Debug|x86.Build.0 = Debug|Win32
		{3D4AC45E-5081-4A07-9AAA-87E25BA509D7}.Release|x64.ActiveCfg = Release|x64
		{3D4AC45E-5081-4A07-9AAA-87E25BA509D7}.Release|x64.Build.0 = Release|x64
		{3D4AC45E-5081-4A07-9AAA-87E25BA509D7}.Release|x86.ActiveCfg = Release|Win32
		{3D4AC45E-5081-4A07-9AAA-87E25BA509D7}.Release|x86.Build.0 = Release|Win32
		{778B8773-AFF1-46A0-8B7F-707BAF3A0ECF}.Debug|x64.ActiveCfg = Debug|x64
		{778B8773-AFF1-46A0-8B7F-707BAF3A0ECF}.Debug|x64.Build.0 = Debug|x64
		{778B8773-AFF1-46A0-8B7F-707BAF3A0ECF}.Debug|x86.ActiveCfg = Debug|Win32
		{778B8773-AFF1-46A0-8B7F-707BAF3A0ECF}.Debug|x86.Build.0 = Debug|Win32
		{778B8773-AFF1-46A0-8B7F-707BAF3A0ECF}.Release|x64.ActiveCfg = Release|x64
		{778B8773-AFF1-46A0-8B7F-707BAF3A0ECF}.Release|x64.Build.0 = Release|x64
		{778B8773-AFF1-46A0-8B7F-707BAF3A0ECF}.Release|x86.ActiveCfg = Release|Win32
		{778B8773-AFF1-46A0-8B7F-707BAF3A0ECF}.Release|x86.Build.0 = Release|Win32
		{BE300274-F0D4-4893-BCDA-0C554D5778E3}.Debug|x64.ActiveCfg = Debug|x64
		{BE300274-F0D4-4893-BCDA-0C554D5778E3}.Debug|x64.Build.0 = Debug|x64
		{BE300274-F0D4-4893-BCDA-0C554D5778E3}.Debug|x86.ActiveCfg = Debug|Win32
		{BE300274-F0D4-4893-BCDA-0C554D5778E3}.Debug|x86.Build.0 = Debug|Win32
		{BE300274-F0D4-4893-BCDA-0C554D5778E3}.Release|x64.ActiveCfg = Release|x64
		{BE300274-F0D4-4893-BCDA-0C554D5778E3}.Release|x64.Build.0 = Release|x64
		{BE300274-F0D4-4893-BCDA-0C554D5778E3}.Release|x86.ActiveCfg = Release|Win32
		{BE300274-F0D4-4893-BCDA-0C554D5778E3}.Release|x86.Build.0 = Release|Win32
	EndGlobalSection
	GlobalSection(SolutionProperties) = preSolution
		HideSolutionNode = FALSE
	EndGlobalSection
	GlobalSection(NestedProjects) = preSolution
		{9A9E6ACD-B8CE-4282-99A4-E9750BB35A29} = {E05436FB-37B2-4C3C-8467-CDC227C0BB2C}
		{9F5C7749-6AFA-406D-A13C-49EF59D136A3} = {E05436FB-37B2-4C3C-8467-CDC227C0BB2C}
		{966C7FD4-E7F4-403E-8B0D-3ECC8CACF2E3} = {E05436FB-37B2-4C3C-8467-CDC227C0BB2C}
		{7E1E39EC-9276-4E21-8939-A0044990B8D2} = {E05436FB-37B2-4C3C-8467-CDC227C0BB2C}
		{FB4876FE-A598-44DF-96BD-8566280CD6CA} = {213B7DE7-679F-404D-BEA0-EF330C4CD5FE}
		{840C08C2-EBD0-4FF5-82D7-A67FAC198189} = {213B7DE7-679F-404D-BEA0-EF330C4CD5FE}
		{3DCD0AFA-CBD1-4BFB-8F57-F7495519EC9A} = {213B7DE7-679F-404D-BEA0-EF330C4CD5FE}
		{FA65CFCB-F54A-4A70-8F3A-7C974CC7DBE7} = {213B7DE7-679F-404D-BEA0-EF330C4CD5FE}
		{3DE51E59-928C-47F8-A3E9-C218358A2153} = {E05436FB-37B2-4C3C-8467-CDC227C0BB2C}
		{042E8D94-0E06-4515-997A-40E9A8B304FE} = {213B7DE7-679F-404D-BEA0-EF330C4CD5FE}
		{C8328CFE-393E-4CAA-AC30-5A26B5BDE82A} = {E05436FB-37B2-4C3C-8467-CDC227C0BB2C}
		{8CFECF91-33E5-42DC-BA5C-59EEAEA4B793} = {E05436FB-37B2-4C3C-8467-CDC227C0BB2C}
		{034B8AC1-B57F-4B11-B229-3A01E1D46A90} = {E05436FB-37B2-4C3C-8467-CDC227C0BB2C}
		{652CFC45-E6E9-4F92-8E7E-6649C2D7F650} = {213B7DE7-679F-404D-BEA0-EF330C4CD5FE}
		{B331C6D1-1A54-4C15-A3CF-E7F8F16110A3} = {213B7DE7-679F-404D-BEA0-EF330C4CD5FE}
		{36CCEFC6-2F69-4AF3-8DA9-D200791D2256} = {E05436FB-37B2-4C3C-8467-CDC227C0BB2C}
		{36372575-37A1-48BD-8E0E-551FB3DB4816} = {E05436FB-37B2-4C3C-8467-CDC227C0BB2C}
		{B362ABF4-BA23-4246-8CED-2F6B572E504E} = {E05436FB-37B2-4C3C-8467-CDC227C0BB2C}
		{184AA79D-3E7F-4947-8290-432A33B26E29} = {E05436FB-37B2-4C3C-8467-CDC227C0BB2C}
		{14207943-C730-4764-90F9-78E2413E2C54} = {213B7DE7-679F-404D-BEA0-EF330C4CD5FE}
		{7DCDB9A3-FEB2-4950-8F8D-9851C8BFC106} = {E05436FB-37B2-4C3C-8467-CDC227C0BB2C}
		{EBD387C2-C440-41BE-B506-D3129B6E2F90} = {E05436FB-37B2-4C3C-8467-CDC227C0BB2C}
		{3D4AC45E-5081-4A07-9AAA-87E25BA509D7} = {E05436FB-37B2-4C3C-8467-CDC227C0BB2C}
		{778B8773-AFF1-46A0-8B7F-707BAF3A0ECF} = {E05436FB-37B2-4C3C-8467-CDC227C0BB2C}
	EndGlobalSection
	GlobalSection(ExtensibilityGlobals) = postSolution
		SolutionGuid = {B75D18A5-C4DA-48C7-BEBB-B1659970EDCA}
	EndGlobalSection
EndGlobal
